
Microsoft Visual Studio Solution File, Format Version 12.00
# Visual Studio Version 17
VisualStudioVersion = 17.11.35222.181
MinimumVisualStudioVersion = 10.0.40219.1
Project("{9A19103F-16F7-4668-BE54-9A1E7A4F7556}") = "FacturacionAPI", "FacturacionAPI\FacturacionAPI.csproj", "{C70A3720-0E53-4D4E-86CF-EBF22D212B8C}"
EndProject
Project("{FAE04EC0-301F-11D3-BF4B-00C04F79EFBC}") = "FacturacionAPI.IntegrationTests", "FacturacionAPI.IntegrationTests\FacturacionAPI.IntegrationTests.csproj", "{2087F9F0-5B30-4788-A613-04D5C61B13F4}"
EndProject
Global
	GlobalSection(SolutionConfigurationPlatforms) = preSolution
		Debug|Any CPU = Debug|Any CPU
		Release|Any CPU = Release|Any CPU
	EndGlobalSection
	GlobalSection(ProjectConfigurationPlatforms) = postSolution
		{C70A3720-0E53-4D4E-86CF-EBF22D212B8C}.Debug|Any CPU.ActiveCfg = Debug|Any CPU
		{C70A3720-0E53-4D4E-86CF-EBF22D212B8C}.Debug|Any CPU.Build.0 = Debug|Any CPU
		{C70A3720-0E53-4D4E-86CF-EBF22D212B8C}.Release|Any CPU.ActiveCfg = Release|Any CPU
		{C70A3720-0E53-4D4E-86CF-EBF22D212B8C}.Release|Any CPU.Build.0 = Release|Any CPU
		{2087F9F0-5B30-4788-A613-04D5C61B13F4}.Debug|Any CPU.ActiveCfg = Debug|Any CPU
		{2087F9F0-5B30-4788-A613-04D5C61B13F4}.Debug|Any CPU.Build.0 = Debug|Any CPU
		{2087F9F0-5B30-4788-A613-04D5C61B13F4}.Release|Any CPU.ActiveCfg = Release|Any CPU
		{2087F9F0-5B30-4788-A613-04D5C61B13F4}.Release|Any CPU.Build.0 = Release|Any CPU
	EndGlobalSection
	GlobalSection(SolutionProperties) = preSolution
		HideSolutionNode = FALSE
	EndGlobalSection
	GlobalSection(ExtensibilityGlobals) = postSolution
		SolutionGuid = {9E4B5913-FF69-4B1C-B8A7-73B6809C06BB}
	EndGlobalSection
EndGlobal
